# Homebrew arm64 bottles bundled into resources/mono/darwin-arm64 (scripts/mono/build-macos.sh).
# formula <name> <version> <bottle tag> <sha256> <url>; regenerate with --update-lock.
formula cairo 1.18.6 arm64_sequoia 2eb1ea8f47088a4bddf68c052eef3ef5e52a5bc1369118d432db6bea2e363853 https://ghcr.io/v2/homebrew/core/cairo/blobs/sha256:2eb1ea8f47088a4bddf68c052eef3ef5e52a5bc1369118d432db6bea2e363853
formula fontconfig 2.18.3 arm64_sonoma 24bd9a2d42f9bc46d4cd51aa51299cbe2c59b2c848656a7657875b0aaedc223b https://ghcr.io/v2/homebrew/core/fontconfig/blobs/sha256:24bd9a2d42f9bc46d4cd51aa51299cbe2c59b2c848656a7657875b0aaedc223b
formula freetype 2.14.3 arm64_sonoma 4aeceab2c37d3685dd0de24b737f07c33a1098eaf757eb24d8d8bbe6ed68d02d https://ghcr.io/v2/homebrew/core/freetype/blobs/sha256:4aeceab2c37d3685dd0de24b737f07c33a1098eaf757eb24d8d8bbe6ed68d02d
formula fribidi 1.0.17 arm64_sequoia c1e62df532f06bf13ebb31df04d7e78645271a00e4261b17594248d16cf7e5b8 https://ghcr.io/v2/homebrew/core/fribidi/blobs/sha256:c1e62df532f06bf13ebb31df04d7e78645271a00e4261b17594248d16cf7e5b8
formula gettext 1.0 arm64_sequoia 98a116d35792ccd730360ffc8c0d8fc5799b2282b96bb7696192c573f064a331 https://ghcr.io/v2/homebrew/core/gettext/blobs/sha256:98a116d35792ccd730360ffc8c0d8fc5799b2282b96bb7696192c573f064a331
formula giflib 6.1.3 arm64_sequoia cfd0ce71b021f10c57fe01270b77703a82c56032afd078a48d7ad48c603ae0de https://ghcr.io/v2/homebrew/core/giflib/blobs/sha256:cfd0ce71b021f10c57fe01270b77703a82c56032afd078a48d7ad48c603ae0de
formula glib 2.90.0 arm64_sequoia 91df2202a093cd00b90fa9919f1c1e61e8f78d8ddd9a307009af6d4007072180 https://ghcr.io/v2/homebrew/core/glib/blobs/sha256:91df2202a093cd00b90fa9919f1c1e61e8f78d8ddd9a307009af6d4007072180
formula graphite2 1.3.15 arm64_sonoma f6915c1287d4f867e5ee04d94ae09fef671dcb326b4f19989b85535e34ca87b8 https://ghcr.io/v2/homebrew/core/graphite2/blobs/sha256:f6915c1287d4f867e5ee04d94ae09fef671dcb326b4f19989b85535e34ca87b8
formula harfbuzz 14.5.0 arm64_sequoia 331497fd0a332350f56895d8f0ef18852669adfc203f7ebc2f4f7ba78413c7df https://ghcr.io/v2/homebrew/core/harfbuzz/blobs/sha256:331497fd0a332350f56895d8f0ef18852669adfc203f7ebc2f4f7ba78413c7df
formula jpeg-turbo 3.2.0 arm64_sonoma 3ff48858f9042df4ce6ca4bf4006bae5e46f919037cba077f0c81a1f6e0a288a https://ghcr.io/v2/homebrew/core/jpeg-turbo/blobs/sha256:3ff48858f9042df4ce6ca4bf4006bae5e46f919037cba077f0c81a1f6e0a288a
formula libdatrie 0.2.14 arm64_sonoma b8b5fb03ad235122f83f7154cd9cfc473748cc6fe49c0d940fe280aa44a8ae12 https://ghcr.io/v2/homebrew/core/libdatrie/blobs/sha256:b8b5fb03ad235122f83f7154cd9cfc473748cc6fe49c0d940fe280aa44a8ae12
formula libexif 0.6.26 arm64_sonoma 3efa42a370d416f5f9ea9bceed5bfbee25b7110e2b6d299af448bf877e665401 https://ghcr.io/v2/homebrew/core/libexif/blobs/sha256:3efa42a370d416f5f9ea9bceed5bfbee25b7110e2b6d299af448bf877e665401
formula libpng 1.6.58 arm64_sequoia bc998bd8497a87e10e613348858c295a38f29f12914408ccbec81f0d0c2e77c8 https://ghcr.io/v2/homebrew/core/libpng/blobs/sha256:bc998bd8497a87e10e613348858c295a38f29f12914408ccbec81f0d0c2e77c8
formula libthai 0.1.30 arm64_sonoma e969faf14de2c64bcd89e1e1abea14d12d8695eba54647782e2e841042b3209d https://ghcr.io/v2/homebrew/core/libthai/blobs/sha256:e969faf14de2c64bcd89e1e1abea14d12d8695eba54647782e2e841042b3209d
formula libtiff 4.7.2 arm64_sonoma 4504c9c0fd45de525e9a532da674b703bda04d377d7471f70cf611954da1fb1d https://ghcr.io/v2/homebrew/core/libtiff/blobs/sha256:4504c9c0fd45de525e9a532da674b703bda04d377d7471f70cf611954da1fb1d
formula libx11 1.8.13 arm64_sequoia af553e32325d1817b6526682e3ca5d73e354145df362790eb9fc9f231e6d8a35 https://ghcr.io/v2/homebrew/core/libx11/blobs/sha256:af553e32325d1817b6526682e3ca5d73e354145df362790eb9fc9f231e6d8a35
formula libxau 1.0.12 arm64_sonoma 418c0c03e6422ba74ca2d59b38b6cd01103587ad859932b0bc3519a3f9e26e23 https://ghcr.io/v2/homebrew/core/libxau/blobs/sha256:418c0c03e6422ba74ca2d59b38b6cd01103587ad859932b0bc3519a3f9e26e23
formula libxcb 1.17.0 arm64_sonoma 103f2b2f44b6dfd22bc936c9eb7f325b598374c549a9f56465b8cce80a2ea829 https://ghcr.io/v2/homebrew/core/libxcb/blobs/sha256:103f2b2f44b6dfd22bc936c9eb7f325b598374c549a9f56465b8cce80a2ea829
formula libxdmcp 1.1.5 arm64_sonoma 789326aa88d1b6dbe5dd565e9e70e5031bf63fac39d22cd30d11c1dfc49ffbfb https://ghcr.io/v2/homebrew/core/libxdmcp/blobs/sha256:789326aa88d1b6dbe5dd565e9e70e5031bf63fac39d22cd30d11c1dfc49ffbfb
formula libxext 1.3.7 arm64_sonoma b923d628018a401db1737f1d76eaf815f58f0a9e73a86a0de13b164760bb1921 https://ghcr.io/v2/homebrew/core/libxext/blobs/sha256:b923d628018a401db1737f1d76eaf815f58f0a9e73a86a0de13b164760bb1921
formula libxrender 0.9.12 arm64_sonoma a9e072e66b91797a41879d60271ac73a0b6a6e487a80ca054a44c209352e20ae https://ghcr.io/v2/homebrew/core/libxrender/blobs/sha256:a9e072e66b91797a41879d60271ac73a0b6a6e487a80ca054a44c209352e20ae
formula mono 6.14.1 arm64_sonoma 66ab0b66299f71ab5f37ad15ac0282b7628af0e9daf210df43120118cb4bc8e4 https://ghcr.io/v2/homebrew/core/mono/blobs/sha256:66ab0b66299f71ab5f37ad15ac0282b7628af0e9daf210df43120118cb4bc8e4
formula mono-libgdiplus 6.2 arm64_sonoma 9332827231368d618a2147d91cc8996215200bb70dcb58129fdac2544e7e8351 https://ghcr.io/v2/homebrew/core/mono-libgdiplus/blobs/sha256:9332827231368d618a2147d91cc8996215200bb70dcb58129fdac2544e7e8351
formula pango 1.58.2 arm64_sequoia 4fa58f7090be47c43b3d7411aa961bd0a67cf84850554f08eb7b0a41cab0b0e9 https://ghcr.io/v2/homebrew/core/pango/blobs/sha256:4fa58f7090be47c43b3d7411aa961bd0a67cf84850554f08eb7b0a41cab0b0e9
formula pcre2 10.48 arm64_sonoma eb8e1a4b93f9bbd228ac41336fa83085de6a1ab47593c8326d2e3544736fac88 https://ghcr.io/v2/homebrew/core/pcre2/blobs/sha256:eb8e1a4b93f9bbd228ac41336fa83085de6a1ab47593c8326d2e3544736fac88
formula pixman 0.46.4 arm64_sonoma 13dbd43835c979d6857f9b0e29a9eba81fadc0804f11cad392fb344f27a71f9b https://ghcr.io/v2/homebrew/core/pixman/blobs/sha256:13dbd43835c979d6857f9b0e29a9eba81fadc0804f11cad392fb344f27a71f9b
formula webp 1.6.0 arm64_sequoia 3f5c1ccc592312b2170bc1ea673f902aa65fc479aa9a4c308ff0b1b1a35315fe https://ghcr.io/v2/homebrew/core/webp/blobs/sha256:3f5c1ccc592312b2170bc1ea673f902aa65fc479aa9a4c308ff0b1b1a35315fe
formula xz 5.8.4 arm64_sequoia c2724c0db0398134694b8366d30d14f4de376115fb54c559c331d5fd0474af76 https://ghcr.io/v2/homebrew/core/xz/blobs/sha256:c2724c0db0398134694b8366d30d14f4de376115fb54c559c331d5fd0474af76
formula zstd 1.5.7 arm64_sonoma 35b5150b27512a94ebaee7b4399aaa8adf42d247e6968319e4aeac3c05365281 https://ghcr.io/v2/homebrew/core/zstd/blobs/sha256:35b5150b27512a94ebaee7b4399aaa8adf42d247e6968319e4aeac3c05365281
